// !$*UTF8*$!
{
	archiveVersion = 1;
	classes = {
	};
	objectVersion = 56;
	objects = {

/* Begin PBXBuildFile section */
		F416F9192BBB02870086F340 /* LandmarkRow.swift in Sources */ = {isa = PBXBuildFile; fileRef = F416F9182BBB02870086F340 /* LandmarkRow.swift */; };
		F416F91B2BBB04450086F340 /* LandmarkList.swift in Sources */ = {isa = PBXBuildFile; fileRef = F416F91A2BBB04450086F340 /* LandmarkList.swift */; };
		F43B98362BB968E80003EB37 /* SwiftUIPracticeApp.swift in Sources */ = {isa = PBXBuildFile; fileRef = F43B98352BB968E80003EB37 /* SwiftUIPracticeApp.swift */; };
		F43B98382BB968E80003EB37 /* ContentView.swift in Sources */ = {isa = PBXBuildFile; fileRef = F43B98372BB968E80003EB37 /* ContentView.swift */; };
		F43B983A2BB968E80003EB37 /* Item.swift in Sources */ = {isa = PBXBuildFile; fileRef = F43B98392BB968E80003EB37 /* Item.swift */; };
		F43B983C2BB968EB0003EB37 /* Assets.xcassets in Resources */ = {isa = PBXBuildFile; fileRef = F43B983B2BB968EB0003EB37 /* Assets.xcassets */; };
		F43B983F2BB968EB0003EB37 /* Preview Assets.xcassets in Resources */ = {isa = PBXBuildFile; fileRef = F43B983E2BB968EB0003EB37 /* Preview Assets.xcassets */; };
		F43B98492BB968EB0003EB37 /* SwiftUIPracticeTests.swift in Sources */ = {isa = PBXBuildFile; fileRef = F43B98482BB968EB0003EB37 /* SwiftUIPracticeTests.swift */; };
		F43B98532BB968EB0003EB37 /* SwiftUIPracticeUITests.swift in Sources */ = {isa = PBXBuildFile; fileRef = F43B98522BB968EB0003EB37 /* SwiftUIPracticeUITests.swift */; };
		F43B98552BB968EB0003EB37 /* SwiftUIPracticeUITestsLaunchTests.swift in Sources */ = {isa = PBXBuildFile; fileRef = F43B98542BB968EB0003EB37 /* SwiftUIPracticeUITestsLaunchTests.swift */; };
		F43B98622BB993030003EB37 /* CircleImage.swift in Sources */ = {isa = PBXBuildFile; fileRef = F43B98612BB993030003EB37 /* CircleImage.swift */; };
		F43B98642BB993FB0003EB37 /* MapView.swift in Sources */ = {isa = PBXBuildFile; fileRef = F43B98632BB993FB0003EB37 /* MapView.swift */; };
		F43B98662BB9AF600003EB37 /* landmarkData.json in Resources */ = {isa = PBXBuildFile; fileRef = F43B98652BB9AF600003EB37 /* landmarkData.json */; };
		F43B98682BB9AF940003EB37 /* Landmark.swift in Sources */ = {isa = PBXBuildFile; fileRef = F43B98672BB9AF940003EB37 /* Landmark.swift */; };
		F43B986A2BB9B1C70003EB37 /* ModelData.swift in Sources */ = {isa = PBXBuildFile; fileRef = F43B98692BB9B1C70003EB37 /* ModelData.swift */; };
/* End PBXBuildFile section */

/* Begin PBXContainerItemProxy section */
		F43B98452BB968EB0003EB37 /* PBXContainerItemProxy */ = {
			isa = PBXContainerItemProxy;
			containerPortal = F43B982A2BB968E80003EB37 /* Project object */;
			proxyType = 1;
			remoteGlobalIDString = F43B98312BB968E80003EB37;
			remoteInfo = SwiftUIPractice;
		};
		F43B984F2BB968EB0003EB37 /* PBXContainerItemProxy */ = {
			isa = PBXContainerItemProxy;
			containerPortal = F43B982A2BB968E80003EB37 /* Project object */;
			proxyType = 1;
			remoteGlobalIDString = F43B98312BB968E80003EB37;
			remoteInfo = SwiftUIPractice;
		};
/* End PBXContainerItemProxy section */

/* Begin PBXFileReference section */
		F416F9182BBB02870086F340 /* LandmarkRow.swift */ = {isa = PBXFileReference; lastKnownFileType = sourcecode.swift; path = LandmarkRow.swift; sourceTree = "<group>"; };
		F416F91A2BBB04450086F340 /* LandmarkList.swift */ = {isa = PBXFileReference; lastKnownFileType = sourcecode.swift; path = LandmarkList.swift; sourceTree = "<group>"; };
		F43B98322BB968E80003EB37 /* SwiftUIPractice.app */ = {isa = PBXFileReference; explicitFileType = wrapper.application; includeInIndex = 0; path = SwiftUIPractice.app; sourceTree = BUILT_PRODUCTS_DIR; };
		F43B98352BB968E80003EB37 /* SwiftUIPracticeApp.swift */ = {isa = PBXFileReference; lastKnownFileType = sourcecode.swift; path = SwiftUIPracticeApp.swift; sourceTree = "<group>"; };
		F43B98372BB968E80003EB37 /* ContentView.swift */ = {isa = PBXFileReference; lastKnownFileType = sourcecode.swift; path = ContentView.swift; sourceTree = "<group>"; };
		F43B98392BB968E80003EB37 /* Item.swift */ = {isa = PBXFileReference; lastKnownFileType = sourcecode.swift; path = Item.swift; sourceTree = "<group>"; };
		F43B983B2BB968EB0003EB37 /* Assets.xcassets */ = {isa = PBXFileReference; lastKnownFileType = folder.assetcatalog; path = Assets.xcassets; sourceTree = "<group>"; };
		F43B983E2BB968EB0003EB37 /* Preview Assets.xcassets */ = {isa = PBXFileReference; lastKnownFileType = folder.assetcatalog; path = "Preview Assets.xcassets"; sourceTree = "<group>"; };
		F43B98442BB968EB0003EB37 /* SwiftUIPracticeTests.xctest */ = {isa = PBXFileReference; explicitFileType = wrapper.cfbundle; includeInIndex = 0; path = SwiftUIPracticeTests.xctest; sourceTree = BUILT_PRODUCTS_DIR; };
		F43B98482BB968EB0003EB37 /* SwiftUIPracticeTests.swift */ = {isa = PBXFileReference; lastKnownFileType = sourcecode.swift; path = SwiftUIPracticeTests.swift; sourceTree = "<group>"; };
		F43B984E2BB968EB0003EB37 /* SwiftUIPracticeUITests.xctest */ = {isa = PBXFileReference; explicitFileType = wrapper.cfbundle; includeInIndex = 0; path = SwiftUIPracticeUITests.xctest; sourceTree = BUILT_PRODUCTS_DIR; };
		F43B98522BB968EB0003EB37 /* SwiftUIPracticeUITests.swift */ = {isa = PBXFileReference; lastKnownFileType = sourcecode.swift; path = SwiftUIPracticeUITests.swift; sourceTree = "<group>"; };
		F43B98542BB968EB0003EB37 /* SwiftUIPracticeUITestsLaunchTests.swift */ = {isa = PBXFileReference; lastKnownFileType = sourcecode.swift; path = SwiftUIPracticeUITestsLaunchTests.swift; sourceTree = "<group>"; };
		F43B98612BB993030003EB37 /* CircleImage.swift */ = {isa = PBXFileReference; lastKnownFileType = sourcecode.swift; path = CircleImage.swift; sourceTree = "<group>"; };
		F43B98632BB993FB0003EB37 /* MapView.swift */ = {isa = PBXFileReference; lastKnownFileType = sourcecode.swift; path = MapView.swift; sourceTree = "<group>"; };
		F43B98652BB9AF600003EB37 /* landmarkData.json */ = {isa = PBXFileReference; fileEncoding = 4; lastKnownFileType = text.json; path = landmarkData.json; sourceTree = "<group>"; };
		F43B98672BB9AF940003EB37 /* Landmark.swift */ = {isa = PBXFileReference; lastKnownFileType = sourcecode.swift; path = Landmark.swift; sourceTree = "<group>"; };
		F43B98692BB9B1C70003EB37 /* ModelData.swift */ = {isa = PBXFileReference; lastKnownFileType = sourcecode.swift; path = ModelData.swift; sourceTree = "<group>"; };
/* End PBXFileReference section */

/* Begin PBXFrameworksBuildPhase section */
		F43B982F2BB968E80003EB37 /* Frameworks */ = {
			isa = PBXFrameworksBuildPhase;
			buildActionMask = 2147483647;
			files = (
			);
			runOnlyForDeploymentPostprocessing = 0;
		};
		F43B98412BB968EB0003EB37 /* Frameworks */ = {
			isa = PBXFrameworksBuildPhase;
			buildActionMask = 2147483647;
			files = (
			);
			runOnlyForDeploymentPostprocessing = 0;
		};
		F43B984B2BB968EB0003EB37 /* Frameworks */ = {
			isa = PBXFrameworksBuildPhase;
			buildActionMask = 2147483647;
			files = (
			);
			runOnlyForDeploymentPostprocessing = 0;
		};
/* End PBXFrameworksBuildPhase section */

/* Begin PBXGroup section */
		F416F9162BBB01550086F340 /* Views */ = {
			isa = PBXGroup;
			children = (
				F43B98372BB968E80003EB37 /* ContentView.swift */,
				F43B98612BB993030003EB37 /* CircleImage.swift */,
				F43B98632BB993FB0003EB37 /* MapView.swift */,
				F416F9182BBB02870086F340 /* LandmarkRow.swift */,
				F416F91A2BBB04450086F340 /* LandmarkList.swift */,
			);
			path = Views;
			sourceTree = "<group>";
		};
		F416F9172BBB016C0086F340 /* Model */ = {
			isa = PBXGroup;
			children = (
				F43B98672BB9AF940003EB37 /* Landmark.swift */,
				F43B98692BB9B1C70003EB37 /* ModelData.swift */,
			);
			path = Model;
			sourceTree = "<group>";
		};
		F43B98292BB968E80003EB37 = {
			isa = PBXGroup;
			children = (
				F43B98652BB9AF600003EB37 /* landmarkData.json */,
				F43B98342BB968E80003EB37 /* SwiftUIPractice */,
				F43B98472BB968EB0003EB37 /* SwiftUIPracticeTests */,
				F43B98512BB968EB0003EB37 /* SwiftUIPracticeUITests */,
				F43B98332BB968E80003EB37 /* Products */,
			);
			sourceTree = "<group>";
		};
		F43B98332BB968E80003EB37 /* Products */ = {
			isa = PBXGroup;
			children = (
				F43B98322BB968E80003EB37 /* SwiftUIPractice.app */,
				F43B98442BB968EB0003EB37 /* SwiftUIPracticeTests.xctest */,
				F43B984E2BB968EB0003EB37 /* SwiftUIPracticeUITests.xctest */,
			);
			name = Products;
			sourceTree = "<group>";
		};
		F43B98342BB968E80003EB37 /* SwiftUIPractice */ = {
			isa = PBXGroup;
			children = (
				F43B98352BB968E80003EB37 /* SwiftUIPracticeApp.swift */,
				F43B98392BB968E80003EB37 /* Item.swift */,
				F43B983B2BB968EB0003EB37 /* Assets.xcassets */,
				F43B983D2BB968EB0003EB37 /* Preview Content */,
				F416F9162BBB01550086F340 /* Views */,
				F416F9172BBB016C0086F340 /* Model */,
			);
			path = SwiftUIPractice;
			sourceTree = "<group>";
		};
		F43B983D2BB968EB0003EB37 /* Preview Content */ = {
			isa = PBXGroup;
			children = (
				F43B983E2BB968EB0003EB37 /* Preview Assets.xcassets */,
			);
			path = "Preview Content";
			sourceTree = "<group>";
		};
		F43B98472BB968EB0003EB37 /* SwiftUIPracticeTests */ = {
			isa = PBXGroup;
			children = (
				F43B98482BB968EB0003EB37 /* SwiftUIPracticeTests.swift */,
			);
			path = SwiftUIPracticeTests;
			sourceTree = "<group>";
		};
		F43B98512BB968EB0003EB37 /* SwiftUIPracticeUITests */ = {
			isa = PBXGroup;
			children = (
				F43B98522BB968EB0003EB37 /* SwiftUIPracticeUITests.swift */,
				F43B98542BB968EB0003EB37 /* SwiftUIPracticeUITestsLaunchTests.swift */,
			);
			path = SwiftUIPracticeUITests;
			sourceTree = "<group>";
		};
/* End PBXGroup section */

/* Begin PBXNativeTarget section */
		F43B98312BB968E80003EB37 /* SwiftUIPractice */ = {
			isa = PBXNativeTarget;
			buildConfigurationList = F43B98582BB968EB0003EB37 /* Build configuration list for PBXNativeTarget "SwiftUIPractice" */;
			buildPhases = (
				F43B982E2BB968E80003EB37 /* Sources */,
				F43B982F2BB968E80003EB37 /* Frameworks */,
				F43B98302BB968E80003EB37 /* Resources */,
			);
			buildRules = (
			);
			dependencies = (
			);
			name = SwiftUIPractice;
			productName = SwiftUIPractice;
			productReference = F43B98322BB968E80003EB37 /* SwiftUIPractice.app */;
			productType = "com.apple.product-type.application";
		};
		F43B98432BB968EB0003EB37 /* SwiftUIPracticeTests */ = {
			isa = PBXNativeTarget;
			buildConfigurationList = F43B985B2BB968EB0003EB37 /* Build configuration list for PBXNativeTarget "SwiftUIPracticeTests" */;
			buildPhases = (
				F43B98402BB968EB0003EB37 /* Sources */,
				F43B98412BB968EB0003EB37 /* Frameworks */,
				F43B98422BB968EB0003EB37 /* Resources */,
			);
			buildRules = (
			);
			dependencies = (
				F43B98462BB968EB0003EB37 /* PBXTargetDependency */,
			);
			name = SwiftUIPracticeTests;
			productName = SwiftUIPracticeTests;
			productReference = F43B98442BB968EB0003EB37 /* SwiftUIPracticeTests.xctest */;
			productType = "com.apple.product-type.bundle.unit-test";
		};
		F43B984D2BB968EB0003EB37 /* SwiftUIPracticeUITests */ = {
			isa = PBXNativeTarget;
			buildConfigurationList = F43B985E2BB968EB0003EB37 /* Build configuration list for PBXNativeTarget "SwiftUIPracticeUITests" */;
			buildPhases = (
				F43B984A2BB968EB0003EB37 /* Sources */,
				F43B984B2BB968EB0003EB37 /* Frameworks */,
				F43B984C2BB968EB0003EB37 /* Resources */,
			);
			buildRules = (
			);
			dependencies = (
				F43B98502BB968EB0003EB37 /* PBXTargetDependency */,
			);
			name = SwiftUIPracticeUITests;
			productName = SwiftUIPracticeUITests;
			productReference = F43B984E2BB968EB0003EB37 /* SwiftUIPracticeUITests.xctest */;
			productType = "com.apple.product-type.bundle.ui-testing";
		};
/* End PBXNativeTarget section */

/* Begin PBXProject section */
		F43B982A2BB968E80003EB37 /* Project object */ = {
			isa = PBXProject;
			attributes = {
				BuildIndependentTargetsInParallel = 1;
				LastSwiftUpdateCheck = 1530;
				LastUpgradeCheck = 1530;
				TargetAttributes = {
					F43B98312BB968E80003EB37 = {
						CreatedOnToolsVersion = 15.3;
					};
					F43B98432BB968EB0003EB37 = {
						CreatedOnToolsVersion = 15.3;
						TestTargetID = F43B98312BB968E80003EB37;
					};
					F43B984D2BB968EB0003EB37 = {
						CreatedOnToolsVersion = 15.3;
						TestTargetID = F43B98312BB968E80003EB37;
					};
				};
			};
			buildConfigurationList = F43B982D2BB968E80003EB37 /* Build configuration list for PBXProject "SwiftUIPractice" */;
			compatibilityVersion = "Xcode 14.0";
			developmentRegion = en;
			hasScannedForEncodings = 0;
			knownRegions = (
				en,
				Base,
			);
			mainGroup = F43B98292BB968E80003EB37;
			productRefGroup = F43B98332BB968E80003EB37 /* Products */;
			projectDirPath = "";
			projectRoot = "";
			targets = (
				F43B98312BB968E80003EB37 /* SwiftUIPractice */,
				F43B98432BB968EB0003EB37 /* SwiftUIPracticeTests */,
				F43B984D2BB968EB0003EB37 /* SwiftUIPracticeUITests */,
			);
		};
/* End PBXProject section */

/* Begin PBXResourcesBuildPhase section */
		F43B98302BB968E80003EB37 /* Resources */ = {
			isa = PBXResourcesBuildPhase;
			buildActionMask = 2147483647;
			files = (
				F43B983F2BB968EB0003EB37 /* Preview Assets.xcassets in Resources */,
				F43B983C2BB968EB0003EB37 /* Assets.xcassets in Resources */,
				F43B98662BB9AF600003EB37 /* landmarkData.json in Resources */,
			);
			runOnlyForDeploymentPostprocessing = 0;
		};
		F43B98422BB968EB0003EB37 /* Resources */ = {
			isa = PBXResourcesBuildPhase;
			buildActionMask = 2147483647;
			files = (
			);
			runOnlyForDeploymentPostprocessing = 0;
		};
		F43B984C2BB968EB0003EB37 /* Resources */ = {
			isa = PBXResourcesBuildPhase;
			buildActionMask = 2147483647;
			files = (
			);
			runOnlyForDeploymentPostprocessing = 0;
		};
/* End PBXResourcesBuildPhase section */

/* Begin PBXSourcesBuildPhase section */
		F43B982E2BB968E80003EB37 /* Sources */ = {
			isa = PBXSourcesBuildPhase;
			buildActionMask = 2147483647;
			files = (
				F43B98382BB968E80003EB37 /* ContentView.swift in Sources */,
				F43B98622BB993030003EB37 /* CircleImage.swift in Sources */,
				F43B98642BB993FB0003EB37 /* MapView.swift in Sources */,
				F43B983A2BB968E80003EB37 /* Item.swift in Sources */,
				F416F91B2BBB04450086F340 /* LandmarkList.swift in Sources */,
				F43B98362BB968E80003EB37 /* SwiftUIPracticeApp.swift in Sources */,
				F43B986A2BB9B1C70003EB37 /* ModelData.swift in Sources */,
				F416F9192BBB02870086F340 /* LandmarkRow.swift in Sources */,
				F43B98682BB9AF940003EB37 /* Landmark.swift in Sources */,
			);
			runOnlyForDeploymentPostprocessing = 0;
		};
		F43B98402BB968EB0003EB37 /* Sources */ = {
			isa = PBXSourcesBuildPhase;
			buildActionMask = 2147483647;
			files = (
				F43B98492BB968EB0003EB37 /* SwiftUIPracticeTests.swift in Sources */,
			);
			runOnlyForDeploymentPostprocessing = 0;
		};
		F43B984A2BB968EB0003EB37 /* Sources */ = {
			isa = PBXSourcesBuildPhase;
			buildActionMask = 2147483647;
			files = (
				F43B98532BB968EB0003EB37 /* SwiftUIPracticeUITests.swift in Sources */,
				F43B98552BB968EB0003EB37 /* SwiftUIPracticeUITestsLaunchTests.swift in Sources */,
			);
			runOnlyForDeploymentPostprocessing = 0;
		};
/* End PBXSourcesBuildPhase section */

/* Begin PBXTargetDependency section */
		F43B98462BB968EB0003EB37 /* PBXTargetDependency */ = {
			isa = PBXTargetDependency;
			target = F43B98312BB968E80003EB37 /* SwiftUIPractice */;
			targetProxy = F43B98452BB968EB0003EB37 /* PBXContainerItemProxy */;
		};
		F43B98502BB968EB0003EB37 /* PBXTargetDependency */ = {
			isa = PBXTargetDependency;
			target = F43B98312BB968E80003EB37 /* SwiftUIPractice */;
			targetProxy = F43B984F2BB968EB0003EB37 /* PBXContainerItemProxy */;
		};
/* End PBXTargetDependency section */

/* Begin XCBuildConfiguration section */
		F43B98562BB968EB0003EB37 /* Debug */ = {
			isa = XCBuildConfiguration;
			buildSettings = {
				ALWAYS_SEARCH_USER_PATHS = NO;
				ASSETCATALOG_COMPILER_GENERATE_SWIFT_ASSET_SYMBOL_EXTENSIONS = YES;
				CLANG_ANALYZER_NONNULL = YES;
				CLANG_ANALYZER_NUMBER_OBJECT_CONVERSION = YES_AGGRESSIVE;
				CLANG_CXX_LANGUAGE_STANDARD = "gnu++20";
				CLANG_ENABLE_MODULES = YES;
				CLANG_ENABLE_OBJC_ARC = YES;
				CLANG_ENABLE_OBJC_WEAK = YES;
				CLANG_WARN_BLOCK_CAPTURE_AUTORELEASING = YES;
				CLANG_WARN_BOOL_CONVERSION = YES;
				CLANG_WARN_COMMA = YES;
				CLANG_WARN_CONSTANT_CONVERSION = YES;
				CLANG_WARN_DEPRECATED_OBJC_IMPLEMENTATIONS = YES;
				CLANG_WARN_DIRECT_OBJC_ISA_USAGE = YES_ERROR;
				CLANG_WARN_DOCUMENTATION_COMMENTS = YES;
				CLANG_WARN_EMPTY_BODY = YES;
				CLANG_WARN_ENUM_CONVERSION = YES;
				CLANG_WARN_INFINITE_RECURSION = YES;
				CLANG_WARN_INT_CONVERSION = YES;
				CLANG_WARN_NON_LITERAL_NULL_CONVERSION = YES;
				CLANG_WARN_OBJC_IMPLICIT_RETAIN_SELF = YES;
				CLANG_WARN_OBJC_LITERAL_CONVERSION = YES;
				CLANG_WARN_OBJC_ROOT_CLASS = YES_ERROR;
				CLANG_WARN_QUOTED_INCLUDE_IN_FRAMEWORK_HEADER = YES;
				CLANG_WARN_RANGE_LOOP_ANALYSIS = YES;
				CLANG_WARN_STRICT_PROTOTYPES = YES;
				CLANG_WARN_SUSPICIOUS_MOVE = YES;
				CLANG_WARN_UNGUARDED_AVAILABILITY = YES_AGGRESSIVE;
				CLANG_WARN_UNREACHABLE_CODE = YES;
				CLANG_WARN__DUPLICATE_METHOD_MATCH = YES;
				COPY_PHASE_STRIP = NO;
				DEBUG_INFORMATION_FORMAT = dwarf;
				ENABLE_STRICT_OBJC_MSGSEND = YES;
				ENABLE_TESTABILITY = YES;
				ENABLE_USER_SCRIPT_SANDBOXING = YES;
				GCC_C_LANGUAGE_STANDARD = gnu17;
				GCC_DYNAMIC_NO_PIC = NO;
				GCC_NO_COMMON_BLOCKS = YES;
				GCC_OPTIMIZATION_LEVEL = 0;
				GCC_PREPROCESSOR_DEFINITIONS = (
					"DEBUG=1",
					"$(inherited)",
				);
				GCC_WARN_64_TO_32_BIT_CONVERSION = YES;
				GCC_WARN_ABOUT_RETURN_TYPE = YES_ERROR;
				GCC_WARN_UNDECLARED_SELECTOR = YES;
				GCC_WARN_UNINITIALIZED_AUTOS = YES_AGGRESSIVE;
				GCC_WARN_UNUSED_FUNCTION = YES;
				GCC_WARN_UNUSED_VARIABLE = YES;
				IPHONEOS_DEPLOYMENT_TARGET = 17.4;
				LOCALIZATION_PREFERS_STRING_CATALOGS = YES;
				MTL_ENABLE_DEBUG_INFO = INCLUDE_SOURCE;
				MTL_FAST_MATH = YES;
				ONLY_ACTIVE_ARCH = YES;
				SDKROOT = iphoneos;
				SWIFT_ACTIVE_COMPILATION_CONDITIONS = "DEBUG $(inherited)";
				SWIFT_OPTIMIZATION_LEVEL = "-Onone";
			};
			name = Debug;
		};
		F43B98572BB968EB0003EB37 /* Release */ = {
			isa = XCBuildConfiguration;
			buildSettings = {
				ALWAYS_SEARCH_USER_PATHS = NO;
				ASSETCATALOG_COMPILER_GENERATE_SWIFT_ASSET_SYMBOL_EXTENSIONS = YES;
				CLANG_ANALYZER_NONNULL = YES;
				CLANG_ANALYZER_NUMBER_OBJECT_CONVERSION = YES_AGGRESSIVE;
				CLANG_CXX_LANGUAGE_STANDARD = "gnu++20";
				CLANG_ENABLE_MODULES = YES;
				CLANG_ENABLE_OBJC_ARC = YES;
				CLANG_ENABLE_OBJC_WEAK = YES;
				CLANG_WARN_BLOCK_CAPTURE_AUTORELEASING = YES;
				CLANG_WARN_BOOL_CONVERSION = YES;
				CLANG_WARN_COMMA = YES;
				CLANG_WARN_CONSTANT_CONVERSION = YES;
				CLANG_WARN_DEPRECATED_OBJC_IMPLEMENTATIONS = YES;
				CLANG_WARN_DIRECT_OBJC_ISA_USAGE = YES_ERROR;
				CLANG_WARN_DOCUMENTATION_COMMENTS = YES;
				CLANG_WARN_EMPTY_BODY = YES;
				CLANG_WARN_ENUM_CONVERSION = YES;
				CLANG_WARN_INFINITE_RECURSION = YES;
				CLANG_WARN_INT_CONVERSION = YES;
				CLANG_WARN_NON_LITERAL_NULL_CONVERSION = YES;
				CLANG_WARN_OBJC_IMPLICIT_RETAIN_SELF = YES;
				CLANG_WARN_OBJC_LITERAL_CONVERSION = YES;
				CLANG_WARN_OBJC_ROOT_CLASS = YES_ERROR;
				CLANG_WARN_QUOTED_INCLUDE_IN_FRAMEWORK_HEADER = YES;
				CLANG_WARN_RANGE_LOOP_ANALYSIS = YES;
				CLANG_WARN_STRICT_PROTOTYPES = YES;
				CLANG_WARN_SUSPICIOUS_MOVE = YES;
				CLANG_WARN_UNGUARDED_AVAILABILITY = YES_AGGRESSIVE;
				CLANG_WARN_UNREACHABLE_CODE = YES;
				CLANG_WARN__DUPLICATE_METHOD_MATCH = YES;
				COPY_PHASE_STRIP = NO;
				DEBUG_INFORMATION_FORMAT = "dwarf-with-dsym";
				ENABLE_NS_ASSERTIONS = NO;
				ENABLE_STRICT_OBJC_MSGSEND = YES;
				ENABLE_USER_SCRIPT_SANDBOXING = YES;
				GCC_C_LANGUAGE_STANDARD = gnu17;
				GCC_NO_COMMON_BLOCKS = YES;
				GCC_WARN_64_TO_32_BIT_CONVERSION = YES;
				GCC_WARN_ABOUT_RETURN_TYPE = YES_ERROR;
				GCC_WARN_UNDECLARED_SELECTOR = YES;
				GCC_WARN_UNINITIALIZED_AUTOS = YES_AGGRESSIVE;
				GCC_WARN_UNUSED_FUNCTION = YES;
				GCC_WARN_UNUSED_VARIABLE = YES;
				IPHONEOS_DEPLOYMENT_TARGET = 17.4;
				LOCALIZATION_PREFERS_STRING_CATALOGS = YES;
				MTL_ENABLE_DEBUG_INFO = NO;
				MTL_FAST_MATH = YES;
				SDKROOT = iphoneos;
				SWIFT_COMPILATION_MODE = wholemodule;
				VALIDATE_PRODUCT = YES;
			};
			name = Release;
		};
		F43B98592BB968EB0003EB37 /* Debug */ = {
			isa = XCBuildConfiguration;
			buildSettings = {
				ASSETCATALOG_COMPILER_APPICON_NAME = AppIcon;
				ASSETCATALOG_COMPILER_GLOBAL_ACCENT_COLOR_NAME = AccentColor;
				CODE_SIGN_STYLE = Automatic;
				CURRENT_PROJECT_VERSION = 1;
				DEVELOPMENT_ASSET_PATHS = "\"SwiftUIPractice/Preview Content\"";
				DEVELOPMENT_TEAM = XC43HRR4X2;
				ENABLE_PREVIEWS = YES;
				GENERATE_INFOPLIST_FILE = YES;
				INFOPLIST_KEY_UIApplicationSceneManifest_Generation = YES;
				INFOPLIST_KEY_UIApplicationSupportsIndirectInputEvents = YES;
				INFOPLIST_KEY_UILaunchScreen_Generation = YES;
				INFOPLIST_KEY_UISupportedInterfaceOrientations_iPad = "UIInterfaceOrientationPortrait UIInterfaceOrientationPortraitUpsideDown UIInterfaceOrientationLandscapeLeft UIInterfaceOrientationLandscapeRight";
				INFOPLIST_KEY_UISupportedInterfaceOrientations_iPhone = "UIInterfaceOrientationPortrait UIInterfaceOrientationLandscapeLeft UIInterfaceOrientationLandscapeRight";
				LD_RUNPATH_SEARCH_PATHS = (
					"$(inherited)",
					"@executable_path/Frameworks",
				);
				MARKETING_VERSION = 1.0;
				PRODUCT_BUNDLE_IDENTIFIER = shaunchuang.SwiftUIPractice;
				PRODUCT_NAME = "$(TARGET_NAME)";
				SWIFT_EMIT_LOC_STRINGS = YES;
				SWIFT_VERSION = 5.0;
				TARGETED_DEVICE_FAMILY = "1,2";
			};
			name = Debug;
		};
		F43B985A2BB968EB0003EB37 /* Release */ = {
			isa = XCBuildConfiguration;
			buildSettings = {
				ASSETCATALOG_COMPILER_APPICON_NAME = AppIcon;
				ASSETCATALOG_COMPILER_GLOBAL_ACCENT_COLOR_NAME = AccentColor;
				CODE_SIGN_STYLE = Automatic;
				CURRENT_PROJECT_VERSION = 1;
				DEVELOPMENT_ASSET_PATHS = "\"SwiftUIPractice/Preview Content\"";
				DEVELOPMENT_TEAM = XC43HRR4X2;
				ENABLE_PREVIEWS = YES;
				GENERATE_INFOPLIST_FILE = YES;
				INFOPLIST_KEY_UIApplicationSceneManifest_Generation = YES;
				INFOPLIST_KEY_UIApplicationSupportsIndirectInputEvents = YES;
				INFOPLIST_KEY_UILaunchScreen_Generation = YES;
				INFOPLIST_KEY_UISupportedInterfaceOrientations_iPad = "UIInterfaceOrientationPortrait UIInterfaceOrientationPortraitUpsideDown UIInterfaceOrientationLandscapeLeft UIInterfaceOrientationLandscapeRight";
				INFOPLIST_KEY_UISupportedInterfaceOrientations_iPhone = "UIInterfaceOrientationPortrait UIInterfaceOrientationLandscapeLeft UIInterfaceOrientationLandscapeRight";
				LD_RUNPATH_SEARCH_PATHS = (
					"$(inherited)",
					"@executable_path/Frameworks",
				);
				MARKETING_VERSION = 1.0;
				PRODUCT_BUNDLE_IDENTIFIER = shaunchuang.SwiftUIPractice;
				PRODUCT_NAME = "$(TARGET_NAME)";
				SWIFT_EMIT_LOC_STRINGS = YES;
				SWIFT_VERSION = 5.0;
				TARGETED_DEVICE_FAMILY = "1,2";
			};
			name = Release;
		};
		F43B985C2BB968EB0003EB37 /* Debug */ = {
			isa = XCBuildConfiguration;
			buildSettings = {
				ALWAYS_EMBED_SWIFT_STANDARD_LIBRARIES = YES;
				BUNDLE_LOADER = "$(TEST_HOST)";
				CODE_SIGN_STYLE = Automatic;
				CURRENT_PROJECT_VERSION = 1;
				DEVELOPMENT_TEAM = XC43HRR4X2;
				GENERATE_INFOPLIST_FILE = YES;
				IPHONEOS_DEPLOYMENT_TARGET = 17.4;
				MARKETING_VERSION = 1.0;
				PRODUCT_BUNDLE_IDENTIFIER = shaunchuang.SwiftUIPracticeTests;
				PRODUCT_NAME = "$(TARGET_NAME)";
				SWIFT_EMIT_LOC_STRINGS = NO;
				SWIFT_VERSION = 5.0;
				TARGETED_DEVICE_FAMILY = "1,2";
				TEST_HOST = "$(BUILT_PRODUCTS_DIR)/SwiftUIPractice.app/$(BUNDLE_EXECUTABLE_FOLDER_PATH)/SwiftUIPractice";
			};
			name = Debug;
		};
		F43B985D2BB968EB0003EB37 /* Release */ = {
			isa = XCBuildConfiguration;
			buildSettings = {
				ALWAYS_EMBED_SWIFT_STANDARD_LIBRARIES = YES;
				BUNDLE_LOADER = "$(TEST_HOST)";
				CODE_SIGN_STYLE = Automatic;
				CURRENT_PROJECT_VERSION = 1;
				DEVELOPMENT_TEAM = XC43HRR4X2;
				GENERATE_INFOPLIST_FILE = YES;
				IPHONEOS_DEPLOYMENT_TARGET = 17.4;
				MARKETING_VERSION = 1.0;
				PRODUCT_BUNDLE_IDENTIFIER = shaunchuang.SwiftUIPracticeTests;
				PRODUCT_NAME = "$(TARGET_NAME)";
				SWIFT_EMIT_LOC_STRINGS = NO;
				SWIFT_VERSION = 5.0;
				TARGETED_DEVICE_FAMILY = "1,2";
				TEST_HOST = "$(BUILT_PRODUCTS_DIR)/SwiftUIPractice.app/$(BUNDLE_EXECUTABLE_FOLDER_PATH)/SwiftUIPractice";
			};
			name = Release;
		};
		F43B985F2BB968EB0003EB37 /* Debug */ = {
			isa = XCBuildConfiguration;
			buildSettings = {
				ALWAYS_EMBED_SWIFT_STANDARD_LIBRARIES = YES;
				CODE_SIGN_STYLE = Automatic;
				CURRENT_PROJECT_VERSION = 1;
				DEVELOPMENT_TEAM = XC43HRR4X2;
				GENERATE_INFOPLIST_FILE = YES;
				MARKETING_VERSION = 1.0;
				PRODUCT_BUNDLE_IDENTIFIER = shaunchuang.SwiftUIPracticeUITests;
				PRODUCT_NAME = "$(TARGET_NAME)";
				SWIFT_EMIT_LOC_STRINGS = NO;
				SWIFT_VERSION = 5.0;
				TARGETED_DEVICE_FAMILY = "1,2";
				TEST_TARGET_NAME = SwiftUIPractice;
			};
			name = Debug;
		};
		F43B98602BB968EB0003EB37 /* Release */ = {
			isa = XCBuildConfiguration;
			buildSettings = {
				ALWAYS_EMBED_SWIFT_STANDARD_LIBRARIES = YES;
				CODE_SIGN_STYLE = Automatic;
				CURRENT_PROJECT_VERSION = 1;
				DEVELOPMENT_TEAM = XC43HRR4X2;
				GENERATE_INFOPLIST_FILE = YES;
				MARKETING_VERSION = 1.0;
				PRODUCT_BUNDLE_IDENTIFIER = shaunchuang.SwiftUIPracticeUITests;
				PRODUCT_NAME = "$(TARGET_NAME)";
				SWIFT_EMIT_LOC_STRINGS = NO;
				SWIFT_VERSION = 5.0;
				TARGETED_DEVICE_FAMILY = "1,2";
				TEST_TARGET_NAME = SwiftUIPractice;
			};
			name = Release;
		};
/* End XCBuildConfiguration section */

/* Begin XCConfigurationList section */
		F43B982D2BB968E80003EB37 /* Build configuration list for PBXProject "SwiftUIPractice" */ = {
			isa = XCConfigurationList;
			buildConfigurations = (
				F43B98562BB968EB0003EB37 /* Debug */,
				F43B98572BB968EB0003EB37 /* Release */,
			);
			defaultConfigurationIsVisible = 0;
			defaultConfigurationName = Release;
		};
		F43B98582BB968EB0003EB37 /* Build configuration list for PBXNativeTarget "SwiftUIPractice" */ = {
			isa = XCConfigurationList;
			buildConfigurations = (
				F43B98592BB968EB0003EB37 /* Debug */,
				F43B985A2BB968EB0003EB37 /* Release */,
			);
			defaultConfigurationIsVisible = 0;
			defaultConfigurationName = Release;
		};
		F43B985B2BB968EB0003EB37 /* Build configuration list for PBXNativeTarget "SwiftUIPracticeTests" */ = {
			isa = XCConfigurationList;
			buildConfigurations = (
				F43B985C2BB968EB0003EB37 /* Debug */,
				F43B985D2BB968EB0003EB37 /* Release */,
			);
			defaultConfigurationIsVisible = 0;
			defaultConfigurationName = Release;
		};
		F43B985E2BB968EB0003EB37 /* Build configuration list for PBXNativeTarget "SwiftUIPracticeUITests" */ = {
			isa = XCConfigurationList;
			buildConfigurations = (
				F43B985F2BB968EB0003EB37 /* Debug */,
				F43B98602BB968EB0003EB37 /* Release */,
			);
			defaultConfigurationIsVisible = 0;
			defaultConfigurationName = Release;
		};
/* End XCConfigurationList section */
	};
	rootObject = F43B982A2BB968E80003EB37 /* Project object */;
}
